
Microsoft Visual Studio Solution File, Format Version 12.00
# Visual Studio 15
Project("{FAE04EC0-301F-11D3-BF4B-00C04F79EFBC}") = "Assembly-CSharp", "Assembly-CSharp.csproj", "{8CB99D03-FA03-8A1B-E865-19551CA32012}"
EndProject
Project("{FAE04EC0-301F-11D3-BF4B-00C04F79EFBC}") = "Assembly-CSharp-Editor", "Assembly-CSharp-Editor.csproj", "{BB2E8751-7B7B-D82E-9643-C13E20D81F11}"
EndProject
Global
	GlobalSection(SolutionConfigurationPlatforms) = preSolution
		Debug|Any CPU = Debug|Any CPU
		Release|Any CPU = Release|Any CPU
	EndGlobalSection
	GlobalSection(ProjectConfigurationPlatforms) = postSolution
		{8CB99D03-FA03-8A1B-E865-19551CA32012}.Debug|Any CPU.ActiveCfg = Debug|Any CPU
		{8CB99D03-FA03-8A1B-E865-19551CA32012}.Debug|Any CPU.Build.0 = Debug|Any CPU
		{8CB99D03-FA03-8A1B-E865-19551CA32012}.Release|Any CPU.ActiveCfg = Release|Any CPU
		{8CB99D03-FA03-8A1B-E865-19551CA32012}.Release|Any CPU.Build.0 = Release|Any CPU
		{BB2E8751-7B7B-D82E-9643-C13E20D81F11}.Debug|Any CPU.ActiveCfg = Debug|Any CPU
		{BB2E8751-7B7B-D82E-9643-C13E20D81F11}.Debug|Any CPU.Build.0 = Debug|Any CPU
		{BB2E8751-7B7B-D82E-9643-C13E20D81F11}.Release|Any CPU.ActiveCfg = Release|Any CPU
		{BB2E8751-7B7B-D82E-9643-C13E20D81F11}.Release|Any CPU.Build.0 = Release|Any CPU
	EndGlobalSection
	GlobalSection(SolutionProperties) = preSolution
		HideSolutionNode = FALSE
	EndGlobalSection
EndGlobal
