
Microsoft Visual Studio Solution File, Format Version 12.00
# Visual Studio 15
Project("{FAE04EC0-301F-11D3-BF4B-00C04F79EFBC}") = "Assembly-CSharp", "Assembly-CSharp.csproj", "{693F4115-0D03-002F-6626-F98BC07770D8}"
EndProject
Project("{FAE04EC0-301F-11D3-BF4B-00C04F79EFBC}") = "Assembly-CSharp-Editor", "Assembly-CSharp-Editor.csproj", "{30DF2EA9-8E68-A774-77B7-75C1B56A5A0D}"
EndProject
Global
	GlobalSection(SolutionConfigurationPlatforms) = preSolution
		Debug|Any CPU = Debug|Any CPU
		Release|Any CPU = Release|Any CPU
	EndGlobalSection
	GlobalSection(ProjectConfigurationPlatforms) = postSolution
		{693F4115-0D03-002F-6626-F98BC07770D8}.Debug|Any CPU.ActiveCfg = Debug|Any CPU
		{693F4115-0D03-002F-6626-F98BC07770D8}.Debug|Any CPU.Build.0 = Debug|Any CPU
		{693F4115-0D03-002F-6626-F98BC07770D8}.Release|Any CPU.ActiveCfg = Release|Any CPU
		{693F4115-0D03-002F-6626-F98BC07770D8}.Release|Any CPU.Build.0 = Release|Any CPU
		{30DF2EA9-8E68-A774-77B7-75C1B56A5A0D}.Debug|Any CPU.ActiveCfg = Debug|Any CPU
		{30DF2EA9-8E68-A774-77B7-75C1B56A5A0D}.Debug|Any CPU.Build.0 = Debug|Any CPU
		{30DF2EA9-8E68-A774-77B7-75C1B56A5A0D}.Release|Any CPU.ActiveCfg = Release|Any CPU
		{30DF2EA9-8E68-A774-77B7-75C1B56A5A0D}.Release|Any CPU.Build.0 = Release|Any CPU
	EndGlobalSection
	GlobalSection(SolutionProperties) = preSolution
		HideSolutionNode = FALSE
	EndGlobalSection
EndGlobal
