
Microsoft Visual Studio Solution File, Format Version 12.00
# Visual Studio 15
Project("{FAE04EC0-301F-11D3-BF4B-00C04F79EFBC}") = "Assembly-CSharp", "Assembly-CSharp.csproj", "{9B7FF6B6-B2B7-064D-CC79-EE873053DF4D}"
EndProject
Project("{FAE04EC0-301F-11D3-BF4B-00C04F79EFBC}") = "Assembly-CSharp-Editor", "Assembly-CSharp-Editor.csproj", "{1C878D4A-EF9A-28CC-B99F-8413047578D7}"
EndProject
Global
	GlobalSection(SolutionConfigurationPlatforms) = preSolution
		Debug|Any CPU = Debug|Any CPU
		Release|Any CPU = Release|Any CPU
	EndGlobalSection
	GlobalSection(ProjectConfigurationPlatforms) = postSolution
		{9B7FF6B6-B2B7-064D-CC79-EE873053DF4D}.Debug|Any CPU.ActiveCfg = Debug|Any CPU
		{9B7FF6B6-B2B7-064D-CC79-EE873053DF4D}.Debug|Any CPU.Build.0 = Debug|Any CPU
		{9B7FF6B6-B2B7-064D-CC79-EE873053DF4D}.Release|Any CPU.ActiveCfg = Release|Any CPU
		{9B7FF6B6-B2B7-064D-CC79-EE873053DF4D}.Release|Any CPU.Build.0 = Release|Any CPU
		{1C878D4A-EF9A-28CC-B99F-8413047578D7}.Debug|Any CPU.ActiveCfg = Debug|Any CPU
		{1C878D4A-EF9A-28CC-B99F-8413047578D7}.Debug|Any CPU.Build.0 = Debug|Any CPU
		{1C878D4A-EF9A-28CC-B99F-8413047578D7}.Release|Any CPU.ActiveCfg = Release|Any CPU
		{1C878D4A-EF9A-28CC-B99F-8413047578D7}.Release|Any CPU.Build.0 = Release|Any CPU
	EndGlobalSection
	GlobalSection(SolutionProperties) = preSolution
		HideSolutionNode = FALSE
	EndGlobalSection
EndGlobal
